
Microsoft Visual Studio Solution File, Format Version 12.00
# Visual Studio 15
VisualStudioVersion = 15.0.26124.0
MinimumVisualStudioVersion = 15.0.26124.0
Project("{FAE04EC0-301F-11D3-BF4B-00C04F79EFBC}") = "Lesson2", "Lesson2\Lesson2.csproj", "{948F9632-8FC1-40CA-AD11-9F15BA6C2B42}"
EndProject
Project("{FAE04EC0-301F-11D3-BF4B-00C04F79EFBC}") = "Lesson3", "Lesson3\Lesson3.csproj", "{859A0D86-5BCA-4B90-81A6-F7A64E63E3A9}"
EndProject
Project("{FAE04EC0-301F-11D3-BF4B-00C04F79EFBC}") = "Lesson4", "Lesson4\Lesson4.csproj", "{3BB60106-9B8F-43AF-9903-86EA1D5921EC}"
EndProject
Project("{FAE04EC0-301F-11D3-BF4B-00C04F79EFBC}") = "WinTail", "Lesson1\WinTail\WinTail.csproj", "{DB1B0357-B182-4C0E-B374-CAE9A7DCEF92}"
EndProject
Global
	GlobalSection(SolutionConfigurationPlatforms) = preSolution
		Debug|Any CPU = Debug|Any CPU
		Debug|x64 = Debug|x64
		Debug|x86 = Debug|x86
		Release|Any CPU = Release|Any CPU
		Release|x64 = Release|x64
		Release|x86 = Release|x86
	EndGlobalSection
	GlobalSection(SolutionProperties) = preSolution
		HideSolutionNode = FALSE
	EndGlobalSection
	GlobalSection(ProjectConfigurationPlatforms) = postSolution
		{948F9632-8FC1-40CA-AD11-9F15BA6C2B42}.Debug|Any CPU.ActiveCfg = Debug|Any CPU
		{948F9632-8FC1-40CA-AD11-9F15BA6C2B42}.Debug|Any CPU.Build.0 = Debug|Any CPU
		{948F9632-8FC1-40CA-AD11-9F15BA6C2B42}.Debug|x64.ActiveCfg = Debug|Any CPU
		{948F9632-8FC1-40CA-AD11-9F15BA6C2B42}.Debug|x64.Build.0 = Debug|Any CPU
		{948F9632-8FC1-40CA-AD11-9F15BA6C2B42}.Debug|x86.ActiveCfg = Debug|Any CPU
		{948F9632-8FC1-40CA-AD11-9F15BA6C2B42}.Debug|x86.Build.0 = Debug|Any CPU
		{948F9632-8FC1-40CA-AD11-9F15BA6C2B42}.Release|Any CPU.ActiveCfg = Release|Any CPU
		{948F9632-8FC1-40CA-AD11-9F15BA6C2B42}.Release|Any CPU.Build.0 = Release|Any CPU
		{948F9632-8FC1-40CA-AD11-9F15BA6C2B42}.Release|x64.ActiveCfg = Release|Any CPU
		{948F9632-8FC1-40CA-AD11-9F15BA6C2B42}.Release|x64.Build.0 = Release|Any CPU
		{948F9632-8FC1-40CA-AD11-9F15BA6C2B42}.Release|x86.ActiveCfg = Release|Any CPU
		{948F9632-8FC1-40CA-AD11-9F15BA6C2B42}.Release|x86.Build.0 = Release|Any CPU
		{859A0D86-5BCA-4B90-81A6-F7A64E63E3A9}.Debug|Any CPU.ActiveCfg = Debug|Any CPU
		{859A0D86-5BCA-4B90-81A6-F7A64E63E3A9}.Debug|Any CPU.Build.0 = Debug|Any CPU
		{859A0D86-5BCA-4B90-81A6-F7A64E63E3A9}.Debug|x64.ActiveCfg = Debug|Any CPU
		{859A0D86-5BCA-4B90-81A6-F7A64E63E3A9}.Debug|x64.Build.0 = Debug|Any CPU
		{859A0D86-5BCA-4B90-81A6-F7A64E63E3A9}.Debug|x86.ActiveCfg = Debug|Any CPU
		{859A0D86-5BCA-4B90-81A6-F7A64E63E3A9}.Debug|x86.Build.0 = Debug|Any CPU
		{859A0D86-5BCA-4B90-81A6-F7A64E63E3A9}.Release|Any CPU.ActiveCfg = Release|Any CPU
		{859A0D86-5BCA-4B90-81A6-F7A64E63E3A9}.Release|Any CPU.Build.0 = Release|Any CPU
		{859A0D86-5BCA-4B90-81A6-F7A64E63E3A9}.Release|x64.ActiveCfg = Release|Any CPU
		{859A0D86-5BCA-4B90-81A6-F7A64E63E3A9}.Release|x64.Build.0 = Release|Any CPU
		{859A0D86-5BCA-4B90-81A6-F7A64E63E3A9}.Release|x86.ActiveCfg = Release|Any CPU
		{859A0D86-5BCA-4B90-81A6-F7A64E63E3A9}.Release|x86.Build.0 = Release|Any CPU
		{3BB60106-9B8F-43AF-9903-86EA1D5921EC}.Debug|Any CPU.ActiveCfg = Debug|Any CPU
		{3BB60106-9B8F-43AF-9903-86EA1D5921EC}.Debug|Any CPU.Build.0 = Debug|Any CPU
		{3BB60106-9B8F-43AF-9903-86EA1D5921EC}.Debug|x64.ActiveCfg = Debug|Any CPU
		{3BB60106-9B8F-43AF-9903-86EA1D5921EC}.Debug|x64.Build.0 = Debug|Any CPU
		{3BB60106-9B8F-43AF-9903-86EA1D5921EC}.Debug|x86.ActiveCfg = Debug|Any CPU
		{3BB60106-9B8F-43AF-9903-86EA1D5921EC}.Debug|x86.Build.0 = Debug|Any CPU
		{3BB60106-9B8F-43AF-9903-86EA1D5921EC}.Release|Any CPU.ActiveCfg = Release|Any CPU
		{3BB60106-9B8F-43AF-9903-86EA1D5921EC}.Release|Any CPU.Build.0 = Release|Any CPU
		{3BB60106-9B8F-43AF-9903-86EA1D5921EC}.Release|x64.ActiveCfg = Release|Any CPU
		{3BB60106-9B8F-43AF-9903-86EA1D5921EC}.Release|x64.Build.0 = Release|Any CPU
		{3BB60106-9B8F-43AF-9903-86EA1D5921EC}.Release|x86.ActiveCfg = Release|Any CPU
		{3BB60106-9B8F-43AF-9903-86EA1D5921EC}.Release|x86.Build.0 = Release|Any CPU
		{DB1B0357-B182-4C0E-B374-CAE9A7DCEF92}.Debug|Any CPU.ActiveCfg = Debug|Any CPU
		{DB1B0357-B182-4C0E-B374-CAE9A7DCEF92}.Debug|Any CPU.Build.0 = Debug|Any CPU
		{DB1B0357-B182-4C0E-B374-CAE9A7DCEF92}.Debug|x64.ActiveCfg = Debug|Any CPU
		{DB1B0357-B182-4C0E-B374-CAE9A7DCEF92}.Debug|x64.Build.0 = Debug|Any CPU
		{DB1B0357-B182-4C0E-B374-CAE9A7DCEF92}.Debug|x86.ActiveCfg = Debug|Any CPU
		{DB1B0357-B182-4C0E-B374-CAE9A7DCEF92}.Debug|x86.Build.0 = Debug|Any CPU
		{DB1B0357-B182-4C0E-B374-CAE9A7DCEF92}.Release|Any CPU.ActiveCfg = Release|Any CPU
		{DB1B0357-B182-4C0E-B374-CAE9A7DCEF92}.Release|Any CPU.Build.0 = Release|Any CPU
		{DB1B0357-B182-4C0E-B374-CAE9A7DCEF92}.Release|x64.ActiveCfg = Release|Any CPU
		{DB1B0357-B182-4C0E-B374-CAE9A7DCEF92}.Release|x64.Build.0 = Release|Any CPU
		{DB1B0357-B182-4C0E-B374-CAE9A7DCEF92}.Release|x86.ActiveCfg = Release|Any CPU
		{DB1B0357-B182-4C0E-B374-CAE9A7DCEF92}.Release|x86.Build.0 = Release|Any CPU
	EndGlobalSection
	GlobalSection(NestedProjects) = preSolution
	EndGlobalSection
EndGlobal
